
Microsoft Visual Studio Solution File, Format Version 12.00
# Visual Studio 15
VisualStudioVersion = 15.0.26730.12
MinimumVisualStudioVersion = 10.0.40219.1
Project("{888888A0-9F3D-457C-B088-3A5042F75D52}") = "AudioStreamerYT", "AudioStreamerYT\AudioStreamerYT.pyproj", "{D1691AB9-68D5-4388-A428-FB563ABD51AB}"
EndProject
Global
	GlobalSection(SolutionConfigurationPlatforms) = preSolution
		Debug|Any CPU = Debug|Any CPU
		Release|Any CPU = Release|Any CPU
	EndGlobalSection
	GlobalSection(ProjectConfigurationPlatforms) = postSolution
		{D1691AB9-68D5-4388-A428-FB563ABD51AB}.Debug|Any CPU.ActiveCfg = Debug|Any CPU
		{D1691AB9-68D5-4388-A428-FB563ABD51AB}.Release|Any CPU.ActiveCfg = Release|Any CPU
	EndGlobalSection
	GlobalSection(SolutionProperties) = preSolution
		HideSolutionNode = FALSE
	EndGlobalSection
	GlobalSection(ExtensibilityGlobals) = postSolution
		SolutionGuid = {4CFA1EA6-1AFD-47AD-A080-5E65F78F19D7}
	EndGlobalSection
EndGlobal
